
Microsoft Visual Studio Solution File, Format Version 12.00
# Visual Studio 2013
VisualStudioVersion = 12.0.30723.0
MinimumVisualStudioVersion = 10.0.40219.1
Project("{FAE04EC0-301F-11D3-BF4B-00C04F79EFBC}") = "Hermes.Leave.Services", "Hermes.Leave.Services\Hermes.Leave.Services.csproj", "{DBD14894-78D3-4B1B-8BF3-CCE6D9ED3812}"
EndProject
Project("{FAE04EC0-301F-11D3-BF4B-00C04F79EFBC}") = "Hermes.Leave.Services.Test", "..\Hermes.Leave.Services.Test\Hermes.Leave.Services.Test.csproj", "{AF7067FB-88BD-4928-A3B2-3854D509F349}"
EndProject
Global
	GlobalSection(SolutionConfigurationPlatforms) = preSolution
		Debug|Any CPU = Debug|Any CPU
		Release|Any CPU = Release|Any CPU
	EndGlobalSection
	GlobalSection(ProjectConfigurationPlatforms) = postSolution
		{DBD14894-78D3-4B1B-8BF3-CCE6D9ED3812}.Debug|Any CPU.ActiveCfg = Debug|Any CPU
		{DBD14894-78D3-4B1B-8BF3-CCE6D9ED3812}.Debug|Any CPU.Build.0 = Debug|Any CPU
		{DBD14894-78D3-4B1B-8BF3-CCE6D9ED3812}.Release|Any CPU.ActiveCfg = Release|Any CPU
		{DBD14894-78D3-4B1B-8BF3-CCE6D9ED3812}.Release|Any CPU.Build.0 = Release|Any CPU
		{AF7067FB-88BD-4928-A3B2-3854D509F349}.Debug|Any CPU.ActiveCfg = Debug|Any CPU
		{AF7067FB-88BD-4928-A3B2-3854D509F349}.Debug|Any CPU.Build.0 = Debug|Any CPU
		{AF7067FB-88BD-4928-A3B2-3854D509F349}.Release|Any CPU.ActiveCfg = Release|Any CPU
		{AF7067FB-88BD-4928-A3B2-3854D509F349}.Release|Any CPU.Build.0 = Release|Any CPU
	EndGlobalSection
	GlobalSection(SolutionProperties) = preSolution
		HideSolutionNode = FALSE
	EndGlobalSection
EndGlobal
